
Microsoft Visual Studio Solution File, Format Version 12.00
# Visual Studio Version 16
VisualStudioVersion = 16.0.29102.190
MinimumVisualStudioVersion = 10.0.40219.1
Project("{FAE04EC0-301F-11D3-BF4B-00C04F79EFBC}") = "Sitecore.MessageBus.Plugin", "Sitecore.MessageBus.Plugin\Sitecore.MessageBus.Plugin.csproj", "{D95BE328-0426-4B57-BDC9-B09E33ACD404}"
EndProject
Global
	GlobalSection(SolutionConfigurationPlatforms) = preSolution
		Debug|Any CPU = Debug|Any CPU
		Release|Any CPU = Release|Any CPU
	EndGlobalSection
	GlobalSection(ProjectConfigurationPlatforms) = postSolution
		{D95BE328-0426-4B57-BDC9-B09E33ACD404}.Debug|Any CPU.ActiveCfg = Debug|Any CPU
		{D95BE328-0426-4B57-BDC9-B09E33ACD404}.Debug|Any CPU.Build.0 = Debug|Any CPU
		{D95BE328-0426-4B57-BDC9-B09E33ACD404}.Release|Any CPU.ActiveCfg = Release|Any CPU
		{D95BE328-0426-4B57-BDC9-B09E33ACD404}.Release|Any CPU.Build.0 = Release|Any CPU
	EndGlobalSection
	GlobalSection(SolutionProperties) = preSolution
		HideSolutionNode = FALSE
	EndGlobalSection
	GlobalSection(ExtensibilityGlobals) = postSolution
		SolutionGuid = {A08E103C-31A2-438C-9810-A4A0406E5365}
	EndGlobalSection
EndGlobal
